// !$*UTF8*$!
{
	archiveVersion = 1;
	classes = {
	};
	objectVersion = 55;
	objects = {

/* Begin PBXBuildFile section */
		C55769E027D130FF00F3D295 /* AppDelegate.swift in Sources */ = {isa = PBXBuildFile; fileRef = C55769DF27D130FF00F3D295 /* AppDelegate.swift */; };
		C55769E227D130FF00F3D295 /* SceneDelegate.swift in Sources */ = {isa = PBXBuildFile; fileRef = C55769E127D130FF00F3D295 /* SceneDelegate.swift */; };
		C55769E427D130FF00F3D295 /* ViewController.swift in Sources */ = {isa = PBXBuildFile; fileRef = C55769E327D130FF00F3D295 /* ViewController.swift */; };
		C55769E727D130FF00F3D295 /* Main.storyboard in Resources */ = {isa = PBXBuildFile; fileRef = C55769E527D130FF00F3D295 /* Main.storyboard */; };
		C55769EA27D130FF00F3D295 /* Parse_Authentication.xcdatamodeld in Sources */ = {isa = PBXBuildFile; fileRef = C55769E827D130FF00F3D295 /* Parse_Authentication.xcdatamodeld */; };
		C55769EC27D1310400F3D295 /* Assets.xcassets in Resources */ = {isa = PBXBuildFile; fileRef = C55769EB27D1310400F3D295 /* Assets.xcassets */; };
		C55769EF27D1310400F3D295 /* LaunchScreen.storyboard in Resources */ = {isa = PBXBuildFile; fileRef = C55769ED27D1310400F3D295 /* LaunchScreen.storyboard */; };
		C55769F727D1313C00F3D295 /* SignUpViewController.swift in Sources */ = {isa = PBXBuildFile; fileRef = C55769F627D1313C00F3D295 /* SignUpViewController.swift */; };
		C55769F927D1314C00F3D295 /* SignInViewController.swift in Sources */ = {isa = PBXBuildFile; fileRef = C55769F827D1314C00F3D295 /* SignInViewController.swift */; };
/* End PBXBuildFile section */

/* Begin PBXFileReference section */
		C55769DC27D130FF00F3D295 /* Parse Authentication.app */ = {isa = PBXFileReference; explicitFileType = wrapper.application; includeInIndex = 0; path = "Parse Authentication.app"; sourceTree = BUILT_PRODUCTS_DIR; };
		C55769DF27D130FF00F3D295 /* AppDelegate.swift */ = {isa = PBXFileReference; lastKnownFileType = sourcecode.swift; path = AppDelegate.swift; sourceTree = "<group>"; };
		C55769E127D130FF00F3D295 /* SceneDelegate.swift */ = {isa = PBXFileReference; lastKnownFileType = sourcecode.swift; path = SceneDelegate.swift; sourceTree = "<group>"; };
		C55769E327D130FF00F3D295 /* ViewController.swift */ = {isa = PBXFileReference; lastKnownFileType = sourcecode.swift; path = ViewController.swift; sourceTree = "<group>"; };
		C55769E627D130FF00F3D295 /* Base */ = {isa = PBXFileReference; lastKnownFileType = file.storyboard; name = Base; path = Base.lproj/Main.storyboard; sourceTree = "<group>"; };
		C55769E927D130FF00F3D295 /* Parse_Authentication.xcdatamodel */ = {isa = PBXFileReference; lastKnownFileType = wrapper.xcdatamodel; path = Parse_Authentication.xcdatamodel; sourceTree = "<group>"; };
		C55769EB27D1310400F3D295 /* Assets.xcassets */ = {isa = PBXFileReference; lastKnownFileType = folder.assetcatalog; path = Assets.xcassets; sourceTree = "<group>"; };
		C55769EE27D1310400F3D295 /* Base */ = {isa = PBXFileReference; lastKnownFileType = file.storyboard; name = Base; path = Base.lproj/LaunchScreen.storyboard; sourceTree = "<group>"; };
		C55769F027D1310400F3D295 /* Info.plist */ = {isa = PBXFileReference; lastKnownFileType = text.plist.xml; path = Info.plist; sourceTree = "<group>"; };
		C55769F627D1313C00F3D295 /* SignUpViewController.swift */ = {isa = PBXFileReference; lastKnownFileType = sourcecode.swift; path = SignUpViewController.swift; sourceTree = "<group>"; };
		C55769F827D1314C00F3D295 /* SignInViewController.swift */ = {isa = PBXFileReference; lastKnownFileType = sourcecode.swift; path = SignInViewController.swift; sourceTree = "<group>"; };
/* End PBXFileReference section */

/* Begin PBXFrameworksBuildPhase section */
		C55769D927D130FF00F3D295 /* Frameworks */ = {
			isa = PBXFrameworksBuildPhase;
			buildActionMask = 2147483647;
			files = (
			);
			runOnlyForDeploymentPostprocessing = 0;
		};
/* End PBXFrameworksBuildPhase section */

/* Begin PBXGroup section */
		C55769D327D130FF00F3D295 = {
			isa = PBXGroup;
			children = (
				C55769DE27D130FF00F3D295 /* Parse Authentication */,
				C55769DD27D130FF00F3D295 /* Products */,
			);
			sourceTree = "<group>";
		};
		C55769DD27D130FF00F3D295 /* Products */ = {
			isa = PBXGroup;
			children = (
				C55769DC27D130FF00F3D295 /* Parse Authentication.app */,
			);
			name = Products;
			sourceTree = "<group>";
		};
		C55769DE27D130FF00F3D295 /* Parse Authentication */ = {
			isa = PBXGroup;
			children = (
				C55769DF27D130FF00F3D295 /* AppDelegate.swift */,
				C55769E127D130FF00F3D295 /* SceneDelegate.swift */,
				C55769E327D130FF00F3D295 /* ViewController.swift */,
				C55769F627D1313C00F3D295 /* SignUpViewController.swift */,
				C55769F827D1314C00F3D295 /* SignInViewController.swift */,
				C55769E527D130FF00F3D295 /* Main.storyboard */,
				C55769EB27D1310400F3D295 /* Assets.xcassets */,
				C55769ED27D1310400F3D295 /* LaunchScreen.storyboard */,
				C55769F027D1310400F3D295 /* Info.plist */,
				C55769E827D130FF00F3D295 /* Parse_Authentication.xcdatamodeld */,
			);
			path = "Parse Authentication";
			sourceTree = "<group>";
		};
/* End PBXGroup section */

/* Begin PBXNativeTarget section */
		C55769DB27D130FF00F3D295 /* Parse Authentication */ = {
			isa = PBXNativeTarget;
			buildConfigurationList = C55769F327D1310400F3D295 /* Build configuration list for PBXNativeTarget "Parse Authentication" */;
			buildPhases = (
				C55769D827D130FF00F3D295 /* Sources */,
				C55769D927D130FF00F3D295 /* Frameworks */,
				C55769DA27D130FF00F3D295 /* Resources */,
			);
			buildRules = (
			);
			dependencies = (
			);
			name = "Parse Authentication";
			productName = "Parse Authentication";
			productReference = C55769DC27D130FF00F3D295 /* Parse Authentication.app */;
			productType = "com.apple.product-type.application";
		};
/* End PBXNativeTarget section */

/* Begin PBXProject section */
		C55769D427D130FF00F3D295 /* Project object */ = {
			isa = PBXProject;
			attributes = {
				BuildIndependentTargetsInParallel = 1;
				LastSwiftUpdateCheck = 1320;
				LastUpgradeCheck = 1320;
				TargetAttributes = {
					C55769DB27D130FF00F3D295 = {
						CreatedOnToolsVersion = 13.2.1;
					};
				};
			};
			buildConfigurationList = C55769D727D130FF00F3D295 /* Build configuration list for PBXProject "Parse Authentication" */;
			compatibilityVersion = "Xcode 13.0";
			developmentRegion = en;
			hasScannedForEncodings = 0;
			knownRegions = (
				en,
				Base,
			);
			mainGroup = C55769D327D130FF00F3D295;
			productRefGroup = C55769DD27D130FF00F3D295 /* Products */;
			projectDirPath = "";
			projectRoot = "";
			targets = (
				C55769DB27D130FF00F3D295 /* Parse Authentication */,
			);
		};
/* End PBXProject section */

/* Begin PBXResourcesBuildPhase section */
		C55769DA27D130FF00F3D295 /* Resources */ = {
			isa = PBXResourcesBuildPhase;
			buildActionMask = 2147483647;
			files = (
				C55769EF27D1310400F3D295 /* LaunchScreen.storyboard in Resources */,
				C55769EC27D1310400F3D295 /* Assets.xcassets in Resources */,
				C55769E727D130FF00F3D295 /* Main.storyboard in Resources */,
			);
			runOnlyForDeploymentPostprocessing = 0;
		};
/* End PBXResourcesBuildPhase section */

/* Begin PBXSourcesBuildPhase section */
		C55769D827D130FF00F3D295 /* Sources */ = {
			isa = PBXSourcesBuildPhase;
			buildActionMask = 2147483647;
			files = (
				C55769E427D130FF00F3D295 /* ViewController.swift in Sources */,
				C55769EA27D130FF00F3D295 /* Parse_Authentication.xcdatamodeld in Sources */,
				C55769F927D1314C00F3D295 /* SignInViewController.swift in Sources */,
				C55769E027D130FF00F3D295 /* AppDelegate.swift in Sources */,
				C55769E227D130FF00F3D295 /* SceneDelegate.swift in Sources */,
				C55769F727D1313C00F3D295 /* SignUpViewController.swift in Sources */,
			);
			runOnlyForDeploymentPostprocessing = 0;
		};
/* End PBXSourcesBuildPhase section */

/* Begin PBXVariantGroup section */
		C55769E527D130FF00F3D295 /* Main.storyboard */ = {
			isa = PBXVariantGroup;
			children = (
				C55769E627D130FF00F3D295 /* Base */,
			);
			name = Main.storyboard;
			sourceTree = "<group>";
		};
		C55769ED27D1310400F3D295 /* LaunchScreen.storyboard */ = {
			isa = PBXVariantGroup;
			children = (
				C55769EE27D1310400F3D295 /* Base */,
			);
			name = LaunchScreen.storyboard;
			sourceTree = "<group>";
		};
/* End PBXVariantGroup section */

/* Begin XCBuildConfiguration section */
		C55769F127D1310400F3D295 /* Debug */ = {
			isa = XCBuildConfiguration;
			buildSettings = {
				ALWAYS_SEARCH_USER_PATHS = NO;
				CLANG_ANALYZER_NONNULL = YES;
				CLANG_ANALYZER_NUMBER_OBJECT_CONVERSION = YES_AGGRESSIVE;
				CLANG_CXX_LANGUAGE_STANDARD = "gnu++17";
				CLANG_CXX_LIBRARY = "libc++";
				CLANG_ENABLE_MODULES = YES;
				CLANG_ENABLE_OBJC_ARC = YES;
				CLANG_ENABLE_OBJC_WEAK = YES;
				CLANG_WARN_BLOCK_CAPTURE_AUTORELEASING = YES;
				CLANG_WARN_BOOL_CONVERSION = YES;
				CLANG_WARN_COMMA = YES;
				CLANG_WARN_CONSTANT_CONVERSION = YES;
				CLANG_WARN_DEPRECATED_OBJC_IMPLEMENTATIONS = YES;
				CLANG_WARN_DIRECT_OBJC_ISA_USAGE = YES_ERROR;
				CLANG_WARN_DOCUMENTATION_COMMENTS = YES;
				CLANG_WARN_EMPTY_BODY = YES;
				CLANG_WARN_ENUM_CONVERSION = YES;
				CLANG_WARN_INFINITE_RECURSION = YES;
				CLANG_WARN_INT_CONVERSION = YES;
				CLANG_WARN_NON_LITERAL_NULL_CONVERSION = YES;
				CLANG_WARN_OBJC_IMPLICIT_RETAIN_SELF = YES;
				CLANG_WARN_OBJC_LITERAL_CONVERSION = YES;
				CLANG_WARN_OBJC_ROOT_CLASS = YES_ERROR;
				CLANG_WARN_QUOTED_INCLUDE_IN_FRAMEWORK_HEADER = YES;
				CLANG_WARN_RANGE_LOOP_ANALYSIS = YES;
				CLANG_WARN_STRICT_PROTOTYPES = YES;
				CLANG_WARN_SUSPICIOUS_MOVE = YES;
				CLANG_WARN_UNGUARDED_AVAILABILITY = YES_AGGRESSIVE;
				CLANG_WARN_UNREACHABLE_CODE = YES;
				CLANG_WARN__DUPLICATE_METHOD_MATCH = YES;
				COPY_PHASE_STRIP = NO;
				DEBUG_INFORMATION_FORMAT = dwarf;
				ENABLE_STRICT_OBJC_MSGSEND = YES;
				ENABLE_TESTABILITY = YES;
				GCC_C_LANGUAGE_STANDARD = gnu11;
				GCC_DYNAMIC_NO_PIC = NO;
				GCC_NO_COMMON_BLOCKS = YES;
				GCC_OPTIMIZATION_LEVEL = 0;
				GCC_PREPROCESSOR_DEFINITIONS = (
					"DEBUG=1",
					"$(inherited)",
				);
				GCC_WARN_64_TO_32_BIT_CONVERSION = YES;
				GCC_WARN_ABOUT_RETURN_TYPE = YES_ERROR;
				GCC_WARN_UNDECLARED_SELECTOR = YES;
				GCC_WARN_UNINITIALIZED_AUTOS = YES_AGGRESSIVE;
				GCC_WARN_UNUSED_FUNCTION = YES;
				GCC_WARN_UNUSED_VARIABLE = YES;
				IPHONEOS_DEPLOYMENT_TARGET = 15.2;
				MTL_ENABLE_DEBUG_INFO = INCLUDE_SOURCE;
				MTL_FAST_MATH = YES;
				ONLY_ACTIVE_ARCH = YES;
				SDKROOT = iphoneos;
				SWIFT_ACTIVE_COMPILATION_CONDITIONS = DEBUG;
				SWIFT_OPTIMIZATION_LEVEL = "-Onone";
			};
			name = Debug;
		};
		C55769F227D1310400F3D295 /* Release */ = {
			isa = XCBuildConfiguration;
			buildSettings = {
				ALWAYS_SEARCH_USER_PATHS = NO;
				CLANG_ANALYZER_NONNULL = YES;
				CLANG_ANALYZER_NUMBER_OBJECT_CONVERSION = YES_AGGRESSIVE;
				CLANG_CXX_LANGUAGE_STANDARD = "gnu++17";
				CLANG_CXX_LIBRARY = "libc++";
				CLANG_ENABLE_MODULES = YES;
				CLANG_ENABLE_OBJC_ARC = YES;
				CLANG_ENABLE_OBJC_WEAK = YES;
				CLANG_WARN_BLOCK_CAPTURE_AUTORELEASING = YES;
				CLANG_WARN_BOOL_CONVERSION = YES;
				CLANG_WARN_COMMA = YES;
				CLANG_WARN_CONSTANT_CONVERSION = YES;
				CLANG_WARN_DEPRECATED_OBJC_IMPLEMENTATIONS = YES;
				CLANG_WARN_DIRECT_OBJC_ISA_USAGE = YES_ERROR;
				CLANG_WARN_DOCUMENTATION_COMMENTS = YES;
				CLANG_WARN_EMPTY_BODY = YES;
				CLANG_WARN_ENUM_CONVERSION = YES;
				CLANG_WARN_INFINITE_RECURSION = YES;
				CLANG_WARN_INT_CONVERSION = YES;
				CLANG_WARN_NON_LITERAL_NULL_CONVERSION = YES;
				CLANG_WARN_OBJC_IMPLICIT_RETAIN_SELF = YES;
				CLANG_WARN_OBJC_LITERAL_CONVERSION = YES;
				CLANG_WARN_OBJC_ROOT_CLASS = YES_ERROR;
				CLANG_WARN_QUOTED_INCLUDE_IN_FRAMEWORK_HEADER = YES;
				CLANG_WARN_RANGE_LOOP_ANALYSIS = YES;
				CLANG_WARN_STRICT_PROTOTYPES = YES;
				CLANG_WARN_SUSPICIOUS_MOVE = YES;
				CLANG_WARN_UNGUARDED_AVAILABILITY = YES_AGGRESSIVE;
				CLANG_WARN_UNREACHABLE_CODE = YES;
				CLANG_WARN__DUPLICATE_METHOD_MATCH = YES;
				COPY_PHASE_STRIP = NO;
				DEBUG_INFORMATION_FORMAT = "dwarf-with-dsym";
				ENABLE_NS_ASSERTIONS = NO;
				ENABLE_STRICT_OBJC_MSGSEND = YES;
				GCC_C_LANGUAGE_STANDARD = gnu11;
				GCC_NO_COMMON_BLOCKS = YES;
				GCC_WARN_64_TO_32_BIT_CONVERSION = YES;
				GCC_WARN_ABOUT_RETURN_TYPE = YES_ERROR;
				GCC_WARN_UNDECLARED_SELECTOR = YES;
				GCC_WARN_UNINITIALIZED_AUTOS = YES_AGGRESSIVE;
				GCC_WARN_UNUSED_FUNCTION = YES;
				GCC_WARN_UNUSED_VARIABLE = YES;
				IPHONEOS_DEPLOYMENT_TARGET = 15.2;
				MTL_ENABLE_DEBUG_INFO = NO;
				MTL_FAST_MATH = YES;
				SDKROOT = iphoneos;
				SWIFT_COMPILATION_MODE = wholemodule;
				SWIFT_OPTIMIZATION_LEVEL = "-O";
				VALIDATE_PRODUCT = YES;
			};
			name = Release;
		};
		C55769F427D1310400F3D295 /* Debug */ = {
			isa = XCBuildConfiguration;
			buildSettings = {
				ASSETCATALOG_COMPILER_APPICON_NAME = AppIcon;
				ASSETCATALOG_COMPILER_GLOBAL_ACCENT_COLOR_NAME = AccentColor;
				CODE_SIGN_STYLE = Automatic;
				CURRENT_PROJECT_VERSION = 1;
				DEVELOPMENT_TEAM = KRWUXJJ722;
				GENERATE_INFOPLIST_FILE = YES;
				INFOPLIST_FILE = "Parse Authentication/Info.plist";
				INFOPLIST_KEY_UIApplicationSupportsIndirectInputEvents = YES;
				INFOPLIST_KEY_UILaunchStoryboardName = LaunchScreen;
				INFOPLIST_KEY_UIMainStoryboardFile = Main;
				INFOPLIST_KEY_UISupportedInterfaceOrientations_iPad = "UIInterfaceOrientationPortrait UIInterfaceOrientationPortraitUpsideDown UIInterfaceOrientationLandscapeLeft UIInterfaceOrientationLandscapeRight";
				INFOPLIST_KEY_UISupportedInterfaceOrientations_iPhone = "UIInterfaceOrientationPortrait UIInterfaceOrientationLandscapeLeft UIInterfaceOrientationLandscapeRight";
				LD_RUNPATH_SEARCH_PATHS = (
					"$(inherited)",
					"@executable_path/Frameworks",
				);
				MARKETING_VERSION = 1.0;
				PRODUCT_BUNDLE_IDENTIFIER = "com.getnet.Parse-Authentication";
				PRODUCT_NAME = "$(TARGET_NAME)";
				SWIFT_EMIT_LOC_STRINGS = YES;
				SWIFT_VERSION = 5.0;
				TARGETED_DEVICE_FAMILY = "1,2";
			};
			name = Debug;
		};
		C55769F527D1310400F3D295 /* Release */ = {
			isa = XCBuildConfiguration;
			buildSettings = {
				ASSETCATALOG_COMPILER_APPICON_NAME = AppIcon;
				ASSETCATALOG_COMPILER_GLOBAL_ACCENT_COLOR_NAME = AccentColor;
				CODE_SIGN_STYLE = Automatic;
				CURRENT_PROJECT_VERSION = 1;
				DEVELOPMENT_TEAM = KRWUXJJ722;
				GENERATE_INFOPLIST_FILE = YES;
				INFOPLIST_FILE = "Parse Authentication/Info.plist";
				INFOPLIST_KEY_UIApplicationSupportsIndirectInputEvents = YES;
				INFOPLIST_KEY_UILaunchStoryboardName = LaunchScreen;
				INFOPLIST_KEY_UIMainStoryboardFile = Main;
				INFOPLIST_KEY_UISupportedInterfaceOrientations_iPad = "UIInterfaceOrientationPortrait UIInterfaceOrientationPortraitUpsideDown UIInterfaceOrientationLandscapeLeft UIInterfaceOrientationLandscapeRight";
				INFOPLIST_KEY_UISupportedInterfaceOrientations_iPhone = "UIInterfaceOrientationPortrait UIInterfaceOrientationLandscapeLeft UIInterfaceOrientationLandscapeRight";
				LD_RUNPATH_SEARCH_PATHS = (
					"$(inherited)",
					"@executable_path/Frameworks",
				);
				MARKETING_VERSION = 1.0;
				PRODUCT_BUNDLE_IDENTIFIER = "com.getnet.Parse-Authentication";
				PRODUCT_NAME = "$(TARGET_NAME)";
				SWIFT_EMIT_LOC_STRINGS = YES;
				SWIFT_VERSION = 5.0;
				TARGETED_DEVICE_FAMILY = "1,2";
			};
			name = Release;
		};
/* End XCBuildConfiguration section */

/* Begin XCConfigurationList section */
		C55769D727D130FF00F3D295 /* Build configuration list for PBXProject "Parse Authentication" */ = {
			isa = XCConfigurationList;
			buildConfigurations = (
				C55769F127D1310400F3D295 /* Debug */,
				C55769F227D1310400F3D295 /* Release */,
			);
			defaultConfigurationIsVisible = 0;
			defaultConfigurationName = Release;
		};
		C55769F327D1310400F3D295 /* Build configuration list for PBXNativeTarget "Parse Authentication" */ = {
			isa = XCConfigurationList;
			buildConfigurations = (
				C55769F427D1310400F3D295 /* Debug */,
				C55769F527D1310400F3D295 /* Release */,
			);
			defaultConfigurationIsVisible = 0;
			defaultConfigurationName = Release;
		};
/* End XCConfigurationList section */

/* Begin XCVersionGroup section */
		C55769E827D130FF00F3D295 /* Parse_Authentication.xcdatamodeld */ = {
			isa = XCVersionGroup;
			children = (
				C55769E927D130FF00F3D295 /* Parse_Authentication.xcdatamodel */,
			);
			currentVersion = C55769E927D130FF00F3D295 /* Parse_Authentication.xcdatamodel */;
			path = Parse_Authentication.xcdatamodeld;
			sourceTree = "<group>";
			versionGroupType = wrapper.xcdatamodel;
		};
/* End XCVersionGroup section */
	};
	rootObject = C55769D427D130FF00F3D295 /* Project object */;
}
